
Microsoft Visual Studio Solution File, Format Version 12.00
# Visual Studio Version 16
VisualStudioVersion = 16.0.29709.97
MinimumVisualStudioVersion = 10.0.40219.1
Project("{FAE04EC0-301F-11D3-BF4B-00C04F79EFBC}") = "FinanceProject", "FinanceProject\FinanceProject.csproj", "{C47EA67D-CA4D-485C-8045-6A3D1A8E1F7F}"
EndProject
Project("{FAE04EC0-301F-11D3-BF4B-00C04F79EFBC}") = "DataActivity", "DataActivity\DataActivity.csproj", "{FAC87E7D-7A1C-4FE6-8B60-7BB72A221102}"
EndProject
Global
	GlobalSection(SolutionConfigurationPlatforms) = preSolution
		Debug|Any CPU = Debug|Any CPU
		Release|Any CPU = Release|Any CPU
	EndGlobalSection
	GlobalSection(ProjectConfigurationPlatforms) = postSolution
		{C47EA67D-CA4D-485C-8045-6A3D1A8E1F7F}.Debug|Any CPU.ActiveCfg = Debug|Any CPU
		{C47EA67D-CA4D-485C-8045-6A3D1A8E1F7F}.Debug|Any CPU.Build.0 = Debug|Any CPU
		{C47EA67D-CA4D-485C-8045-6A3D1A8E1F7F}.Release|Any CPU.ActiveCfg = Release|Any CPU
		{C47EA67D-CA4D-485C-8045-6A3D1A8E1F7F}.Release|Any CPU.Build.0 = Release|Any CPU
		{FAC87E7D-7A1C-4FE6-8B60-7BB72A221102}.Debug|Any CPU.ActiveCfg = Debug|Any CPU
		{FAC87E7D-7A1C-4FE6-8B60-7BB72A221102}.Debug|Any CPU.Build.0 = Debug|Any CPU
		{FAC87E7D-7A1C-4FE6-8B60-7BB72A221102}.Release|Any CPU.ActiveCfg = Release|Any CPU
		{FAC87E7D-7A1C-4FE6-8B60-7BB72A221102}.Release|Any CPU.Build.0 = Release|Any CPU
	EndGlobalSection
	GlobalSection(SolutionProperties) = preSolution
		HideSolutionNode = FALSE
	EndGlobalSection
	GlobalSection(ExtensibilityGlobals) = postSolution
		SolutionGuid = {67856B2D-6AE9-473D-A94F-C9451B6AC216}
	EndGlobalSection
EndGlobal
